hash: fbfabb2859ef461001c9b4db04a7066956f7a2a137a5cbf4d31fbdadd5a6d83b
updated: 2018-08-14T16:07:14.835121+08:00
imports:
- name: github.com/golang/protobuf
  version: 89a0c16f4dc2a70c0ed864d8ef64878f24fdaa51
  subpackages:
  - proto
- name: github.com/google/go-github
  version: 747f93dd9b489bd56f7442b3c42bfea12800a75b
  subpackages:
  - github
- name: github.com/google/go-querystring
  version: 53e6ce116135b80d037921a7fdd5138cf32d7a8a
  subpackages:
  - query
- name: github.com/inconshreveable/mousetrap
  version: 76626ae9c91c4f2a10f34cad8ce83ea42c93bb75
- name: github.com/juju/ratelimit
  version: 59fac5042749a5afb9af70e813da1dd5474f0167
- name: github.com/pelletier/go-toml
  version: c01d1270ff3e442a8a57cddc1c92dc1138598194
- name: github.com/sirupsen/logrus
  version: 3e01752db0189b9157070a0e1668a620f9a85da2
- name: github.com/spf13/cobra
  version: 7c4570c3ebeb8129a1f7456d0908a8b676b6f9f1
- name: github.com/spf13/pflag
  version: 583c0c0531f06d5278b7d917446061adc344b5cd
- name: github.com/TechCatsLab/logging
  version: 901337472673b669ef4be26100c395424c7fa75a
  subpackages:
  - logrus
  - logrus/hooks
- name: github.com/TechCatsLab/scheduler
  version: 8346d3470345c7f5a66c9c71197d711f930b230c
- name: golang.org/x/crypto
  version: de0752318171da717af4ce24d0a2e8626afaeb11
  repo: git@github.com:golang/crypto.git
  subpackages:
  - ssh/terminal
- name: golang.org/x/net
  version: c39426892332e1bb5ec0a434a079bf82f5d30c54
  repo: git@github.com:golang/net.git
  subpackages:
  - context
  - context/ctxhttp
- name: golang.org/x/oauth2
  version: 3d292e4d0cdc3a0113e6d207bb137145ef1de42f
  repo: git@github.com:golang/oauth2.git
  subpackages:
  - internal
- name: golang.org/x/sys
  version: 4e1fef5609515ec7a2cee7b5de30ba6d9b438cbf
  repo: git@github.com:golang/sys.git
  subpackages:
  - unix
  - windows
- name: google.golang.org/appengine
  version: 4216e58b9158e5f1c906f1aca75162a46a2ec88a
  repo: git@github.com:golang/appengine.git
  subpackages:
  - internal
  - internal/base
  - internal/datastore
  - internal/log
  - internal/remote_api
  - internal/urlfetch
  - urlfetch
- name: gopkg.in/yaml.v2
  version: 5420a8b6744d3b0345ab293f6fcba19c978f1183
testImports: []
